// !$*UTF8*$!
{
	archiveVersion = 1;
	classes = {
	};
	objectVersion = 46;
	objects = {

/* Begin PBXBuildFile section */
		7BE694141F2C543B0074149B /* AppDelegate.swift in Sources */ = {isa = PBXBuildFile; fileRef = 7BE694091F2C543B0074149B /* AppDelegate.swift */; };
		7BE694151F2C543B0074149B /* Assets.xcassets in Resources */ = {isa = PBXBuildFile; fileRef = 7BE6940D1F2C543B0074149B /* Assets.xcassets */; };
		7BE694171F2C543B0074149B /* LaunchScreen.storyboard in Resources */ = {isa = PBXBuildFile; fileRef = 7BE694101F2C543B0074149B /* LaunchScreen.storyboard */; };
		7BE694181F2C543B0074149B /* Main.storyboard in Resources */ = {isa = PBXBuildFile; fileRef = 7BE694121F2C543B0074149B /* Main.storyboard */; };
		7BE6941C1F2C55020074149B /* GoogleService-Info.plist in Resources */ = {isa = PBXBuildFile; fileRef = 7BE6941B1F2C55020074149B /* GoogleService-Info.plist */; };
		7BE6941F1F2C5BC70074149B /* VTOption.swift in Sources */ = {isa = PBXBuildFile; fileRef = 7BE6941E1F2C5BC70074149B /* VTOption.swift */; };
		7BE694211F2C5BDC0074149B /* VTOptionGroup.swift in Sources */ = {isa = PBXBuildFile; fileRef = 7BE694201F2C5BDC0074149B /* VTOptionGroup.swift */; };
		7BE694231F2C5C130074149B /* VTItem.swift in Sources */ = {isa = PBXBuildFile; fileRef = 7BE694221F2C5C130074149B /* VTItem.swift */; };
		7BE694251F2C5C300074149B /* VTItemGroup.swift in Sources */ = {isa = PBXBuildFile; fileRef = 7BE694241F2C5C300074149B /* VTItemGroup.swift */; };
		7BE694271F2C5DE20074149B /* VTStore.swift in Sources */ = {isa = PBXBuildFile; fileRef = 7BE694261F2C5DE20074149B /* VTStore.swift */; };
		7BE6942B1F2C5E770074149B /* VTCartManager.swift in Sources */ = {isa = PBXBuildFile; fileRef = 7BE6942A1F2C5E770074149B /* VTCartManager.swift */; };
		7BE6942D1F2C5ECB0074149B /* VTMarket.swift in Sources */ = {isa = PBXBuildFile; fileRef = 7BE6942C1F2C5ECB0074149B /* VTMarket.swift */; };
		7BE6942F1F2C61250074149B /* MainAppViewController.swift in Sources */ = {isa = PBXBuildFile; fileRef = 7BE6942E1F2C61250074149B /* MainAppViewController.swift */; };
		7BE694311F2C61430074149B /* MarketsViewController.swift in Sources */ = {isa = PBXBuildFile; fileRef = 7BE694301F2C61430074149B /* MarketsViewController.swift */; };
		7BE694331F2C61530074149B /* CartsViewController.swift in Sources */ = {isa = PBXBuildFile; fileRef = 7BE694321F2C61530074149B /* CartsViewController.swift */; };
		7BE694351F2C85E50074149B /* StoreTableViewCell.swift in Sources */ = {isa = PBXBuildFile; fileRef = 7BE694341F2C85E50074149B /* StoreTableViewCell.swift */; };
		B28DE927CC307F0475086A27 /* Pods_Vatrena.framework in Frameworks */ = {isa = PBXBuildFile; fileRef = AF9C45E399B4198D1F557544 /* Pods_Vatrena.framework */; };
/* End PBXBuildFile section */

/* Begin PBXFileReference section */
		5CD4874C16E7D550D8EDA7F3 /* Pods-Vatrena.debug.xcconfig */ = {isa = PBXFileReference; includeInIndex = 1; lastKnownFileType = text.xcconfig; name = "Pods-Vatrena.debug.xcconfig"; path = "Pods/Target Support Files/Pods-Vatrena/Pods-Vatrena.debug.xcconfig"; sourceTree = "<group>"; };
		7BE693E01F2C4AE90074149B /* Vatrena.app */ = {isa = PBXFileReference; explicitFileType = wrapper.application; includeInIndex = 0; path = Vatrena.app; sourceTree = BUILT_PRODUCTS_DIR; };
		7BE694091F2C543B0074149B /* AppDelegate.swift */ = {isa = PBXFileReference; fileEncoding = 4; lastKnownFileType = sourcecode.swift; path = AppDelegate.swift; sourceTree = "<group>"; };
		7BE6940D1F2C543B0074149B /* Assets.xcassets */ = {isa = PBXFileReference; lastKnownFileType = folder.assetcatalog; path = Assets.xcassets; sourceTree = "<group>"; };
		7BE694111F2C543B0074149B /* Base */ = {isa = PBXFileReference; lastKnownFileType = file.storyboard; name = Base; path = Base.lproj/LaunchScreen.storyboard; sourceTree = "<group>"; };
		7BE694131F2C543B0074149B /* Base */ = {isa = PBXFileReference; lastKnownFileType = file.storyboard; name = Base; path = Base.lproj/Main.storyboard; sourceTree = "<group>"; };
		7BE694191F2C54C00074149B /* Info.plist */ = {isa = PBXFileReference; fileEncoding = 4; lastKnownFileType = text.plist.xml; name = Info.plist; path = Vatrena/Info.plist; sourceTree = SOURCE_ROOT; };
		7BE6941B1F2C55020074149B /* GoogleService-Info.plist */ = {isa = PBXFileReference; fileEncoding = 4; lastKnownFileType = text.plist.xml; path = "GoogleService-Info.plist"; sourceTree = "<group>"; };
		7BE6941E1F2C5BC70074149B /* VTOption.swift */ = {isa = PBXFileReference; fileEncoding = 4; lastKnownFileType = sourcecode.swift; path = VTOption.swift; sourceTree = "<group>"; };
		7BE694201F2C5BDC0074149B /* VTOptionGroup.swift */ = {isa = PBXFileReference; fileEncoding = 4; lastKnownFileType = sourcecode.swift; path = VTOptionGroup.swift; sourceTree = "<group>"; };
		7BE694221F2C5C130074149B /* VTItem.swift */ = {isa = PBXFileReference; fileEncoding = 4; lastKnownFileType = sourcecode.swift; path = VTItem.swift; sourceTree = "<group>"; };
		7BE694241F2C5C300074149B /* VTItemGroup.swift */ = {isa = PBXFileReference; fileEncoding = 4; lastKnownFileType = sourcecode.swift; path = VTItemGroup.swift; sourceTree = "<group>"; };
		7BE694261F2C5DE20074149B /* VTStore.swift */ = {isa = PBXFileReference; fileEncoding = 4; lastKnownFileType = sourcecode.swift; path = VTStore.swift; sourceTree = "<group>"; };
		7BE6942A1F2C5E770074149B /* VTCartManager.swift */ = {isa = PBXFileReference; fileEncoding = 4; lastKnownFileType = sourcecode.swift; path = VTCartManager.swift; sourceTree = "<group>"; };
		7BE6942C1F2C5ECB0074149B /* VTMarket.swift */ = {isa = PBXFileReference; fileEncoding = 4; lastKnownFileType = sourcecode.swift; path = VTMarket.swift; sourceTree = "<group>"; };
		7BE6942E1F2C61250074149B /* MainAppViewController.swift */ = {isa = PBXFileReference; fileEncoding = 4; lastKnownFileType = sourcecode.swift; path = MainAppViewController.swift; sourceTree = "<group>"; };
		7BE694301F2C61430074149B /* MarketsViewController.swift */ = {isa = PBXFileReference; fileEncoding = 4; lastKnownFileType = sourcecode.swift; path = MarketsViewController.swift; sourceTree = "<group>"; };
		7BE694321F2C61530074149B /* CartsViewController.swift */ = {isa = PBXFileReference; fileEncoding = 4; lastKnownFileType = sourcecode.swift; path = CartsViewController.swift; sourceTree = "<group>"; };
		7BE694341F2C85E50074149B /* StoreTableViewCell.swift */ = {isa = PBXFileReference; fileEncoding = 4; lastKnownFileType = sourcecode.swift; path = StoreTableViewCell.swift; sourceTree = "<group>"; };
		9DC8815CE271604DF8BFACA4 /* Pods-Vatrena.release.xcconfig */ = {isa = PBXFileReference; includeInIndex = 1; lastKnownFileType = text.xcconfig; name = "Pods-Vatrena.release.xcconfig"; path = "Pods/Target Support Files/Pods-Vatrena/Pods-Vatrena.release.xcconfig"; sourceTree = "<group>"; };
		AF9C45E399B4198D1F557544 /* Pods_Vatrena.framework */ = {isa = PBXFileReference; explicitFileType = wrapper.framework; includeInIndex = 0; path = Pods_Vatrena.framework; sourceTree = BUILT_PRODUCTS_DIR; };
/* End PBXFileReference section */

/* Begin PBXFrameworksBuildPhase section */
		7BE693DD1F2C4AE90074149B /* Frameworks */ = {
			isa = PBXFrameworksBuildPhase;
			buildActionMask = 2147483647;
			files = (
				B28DE927CC307F0475086A27 /* Pods_Vatrena.framework in Frameworks */,
			);
			runOnlyForDeploymentPostprocessing = 0;
		};
/* End PBXFrameworksBuildPhase section */

/* Begin PBXGroup section */
		3124D521D743C71BAD7F142D /* Frameworks */ = {
			isa = PBXGroup;
			children = (
				AF9C45E399B4198D1F557544 /* Pods_Vatrena.framework */,
			);
			name = Frameworks;
			sourceTree = "<group>";
		};
		7BE693D71F2C4AE80074149B = {
			isa = PBXGroup;
			children = (
				7BE694081F2C543B0074149B /* Vatrena */,
				7BE693E11F2C4AE90074149B /* Products */,
				CDE33094E52827836D801B10 /* Pods */,
				3124D521D743C71BAD7F142D /* Frameworks */,
			);
			sourceTree = "<group>";
		};
		7BE693E11F2C4AE90074149B /* Products */ = {
			isa = PBXGroup;
			children = (
				7BE693E01F2C4AE90074149B /* Vatrena.app */,
			);
			name = Products;
			sourceTree = "<group>";
		};
		7BE694081F2C543B0074149B /* Vatrena */ = {
			isa = PBXGroup;
			children = (
				7BE694091F2C543B0074149B /* AppDelegate.swift */,
				7BE6940A1F2C543B0074149B /* controller */,
				7BE6940B1F2C543B0074149B /* model */,
				7BE6940F1F2C543B0074149B /* view */,
				7BE6940C1F2C543B0074149B /* SupportingFiles */,
			);
			path = Vatrena;
			sourceTree = "<group>";
		};
		7BE6940A1F2C543B0074149B /* controller */ = {
			isa = PBXGroup;
			children = (
				7BE6942E1F2C61250074149B /* MainAppViewController.swift */,
				7BE694301F2C61430074149B /* MarketsViewController.swift */,
				7BE694321F2C61530074149B /* CartsViewController.swift */,
			);
			path = controller;
			sourceTree = "<group>";
		};
		7BE6940B1F2C543B0074149B /* model */ = {
			isa = PBXGroup;
			children = (
				7BE6942A1F2C5E770074149B /* VTCartManager.swift */,
				7BE6941D1F2C5B960074149B /* containers */,
			);
			path = model;
			sourceTree = "<group>";
		};
		7BE6940C1F2C543B0074149B /* SupportingFiles */ = {
			isa = PBXGroup;
			children = (
				7BE6941B1F2C55020074149B /* GoogleService-Info.plist */,
				7BE694191F2C54C00074149B /* Info.plist */,
				7BE6940D1F2C543B0074149B /* Assets.xcassets */,
			);
			path = SupportingFiles;
			sourceTree = "<group>";
		};
		7BE6940F1F2C543B0074149B /* view */ = {
			isa = PBXGroup;
			children = (
				7BE694341F2C85E50074149B /* StoreTableViewCell.swift */,
				7BE694101F2C543B0074149B /* LaunchScreen.storyboard */,
				7BE694121F2C543B0074149B /* Main.storyboard */,
			);
			path = view;
			sourceTree = "<group>";
		};
		7BE6941D1F2C5B960074149B /* containers */ = {
			isa = PBXGroup;
			children = (
				7BE6941E1F2C5BC70074149B /* VTOption.swift */,
				7BE694201F2C5BDC0074149B /* VTOptionGroup.swift */,
				7BE694221F2C5C130074149B /* VTItem.swift */,
				7BE694241F2C5C300074149B /* VTItemGroup.swift */,
				7BE694261F2C5DE20074149B /* VTStore.swift */,
				7BE6942C1F2C5ECB0074149B /* VTMarket.swift */,
			);
			path = containers;
			sourceTree = "<group>";
		};
		CDE33094E52827836D801B10 /* Pods */ = {
			isa = PBXGroup;
			children = (
				5CD4874C16E7D550D8EDA7F3 /* Pods-Vatrena.debug.xcconfig */,
				9DC8815CE271604DF8BFACA4 /* Pods-Vatrena.release.xcconfig */,
			);
			name = Pods;
			sourceTree = "<group>";
		};
/* End PBXGroup section */

/* Begin PBXNativeTarget section */
		7BE693DF1F2C4AE90074149B /* Vatrena */ = {
			isa = PBXNativeTarget;
			buildConfigurationList = 7BE693F21F2C4AE90074149B /* Build configuration list for PBXNativeTarget "Vatrena" */;
			buildPhases = (
				2C2202B761F85D7D56FA4754 /* [CP] Check Pods Manifest.lock */,
				7BE693DC1F2C4AE90074149B /* Sources */,
				7BE693DD1F2C4AE90074149B /* Frameworks */,
				7BE693DE1F2C4AE90074149B /* Resources */,
				3F22E803125C0791359FD49B /* [CP] Embed Pods Frameworks */,
				BDEEEE2F98871AA6DC2D9FA0 /* [CP] Copy Pods Resources */,
			);
			buildRules = (
			);
			dependencies = (
			);
			name = Vatrena;
			productName = Vatrena;
			productReference = 7BE693E01F2C4AE90074149B /* Vatrena.app */;
			productType = "com.apple.product-type.application";
		};
/* End PBXNativeTarget section */

/* Begin PBXProject section */
		7BE693D81F2C4AE80074149B /* Project object */ = {
			isa = PBXProject;
			attributes = {
				LastSwiftUpdateCheck = 0830;
				LastUpgradeCheck = 0830;
				ORGANIZATIONNAME = "Softcare, LLC";
				TargetAttributes = {
					7BE693DF1F2C4AE90074149B = {
						CreatedOnToolsVersion = 8.3.3;
						DevelopmentTeam = CU86DE5393;
						ProvisioningStyle = Automatic;
					};
				};
			};
			buildConfigurationList = 7BE693DB1F2C4AE80074149B /* Build configuration list for PBXProject "Vatrena" */;
			compatibilityVersion = "Xcode 3.2";
			developmentRegion = English;
			hasScannedForEncodings = 0;
			knownRegions = (
				en,
				Base,
			);
			mainGroup = 7BE693D71F2C4AE80074149B;
			productRefGroup = 7BE693E11F2C4AE90074149B /* Products */;
			projectDirPath = "";
			projectRoot = "";
			targets = (
				7BE693DF1F2C4AE90074149B /* Vatrena */,
			);
		};
/* End PBXProject section */

/* Begin PBXResourcesBuildPhase section */
		7BE693DE1F2C4AE90074149B /* Resources */ = {
			isa = PBXResourcesBuildPhase;
			buildActionMask = 2147483647;
			files = (
				7BE694171F2C543B0074149B /* LaunchScreen.storyboard in Resources */,
				7BE6941C1F2C55020074149B /* GoogleService-Info.plist in Resources */,
				7BE694151F2C543B0074149B /* Assets.xcassets in Resources */,
				7BE694181F2C543B0074149B /* Main.storyboard in Resources */,
			);
			runOnlyForDeploymentPostprocessing = 0;
		};
/* End PBXResourcesBuildPhase section */

/* Begin PBXShellScriptBuildPhase section */
		2C2202B761F85D7D56FA4754 /* [CP] Check Pods Manifest.lock */ = {
			isa = PBXShellScriptBuildPhase;
			buildActionMask = 2147483647;
			files = (
			);
			inputPaths = (
			);
			name = "[CP] Check Pods Manifest.lock";
			outputPaths = (
			);
			runOnlyForDeploymentPostprocessing = 0;
			shellPath = /bin/sh;
			shellScript = "diff \"${PODS_ROOT}/../Podfile.lock\" \"${PODS_ROOT}/Manifest.lock\" > /dev/null\nif [ $? != 0 ] ; then\n    # print error to STDERR\n    echo \"error: The sandbox is not in sync with the Podfile.lock. Run 'pod install' or update your CocoaPods installation.\" >&2\n    exit 1\nfi\n";
			showEnvVarsInLog = 0;
		};
		3F22E803125C0791359FD49B /* [CP] Embed Pods Frameworks */ = {
			isa = PBXShellScriptBuildPhase;
			buildActionMask = 2147483647;
			files = (
			);
			inputPaths = (
			);
			name = "[CP] Embed Pods Frameworks";
			outputPaths = (
			);
			runOnlyForDeploymentPostprocessing = 0;
			shellPath = /bin/sh;
			shellScript = "\"${SRCROOT}/Pods/Target Support Files/Pods-Vatrena/Pods-Vatrena-frameworks.sh\"\n";
			showEnvVarsInLog = 0;
		};
		BDEEEE2F98871AA6DC2D9FA0 /* [CP] Copy Pods Resources */ = {
			isa = PBXShellScriptBuildPhase;
			buildActionMask = 2147483647;
			files = (
			);
			inputPaths = (
			);
			name = "[CP] Copy Pods Resources";
			outputPaths = (
			);
			runOnlyForDeploymentPostprocessing = 0;
			shellPath = /bin/sh;
			shellScript = "\"${SRCROOT}/Pods/Target Support Files/Pods-Vatrena/Pods-Vatrena-resources.sh\"\n";
			showEnvVarsInLog = 0;
		};
/* End PBXShellScriptBuildPhase section */

/* Begin PBXSourcesBuildPhase section */
		7BE693DC1F2C4AE90074149B /* Sources */ = {
			isa = PBXSourcesBuildPhase;
			buildActionMask = 2147483647;
			files = (
				7BE694231F2C5C130074149B /* VTItem.swift in Sources */,
				7BE6942F1F2C61250074149B /* MainAppViewController.swift in Sources */,
				7BE694271F2C5DE20074149B /* VTStore.swift in Sources */,
				7BE694351F2C85E50074149B /* StoreTableViewCell.swift in Sources */,
				7BE694211F2C5BDC0074149B /* VTOptionGroup.swift in Sources */,
				7BE6941F1F2C5BC70074149B /* VTOption.swift in Sources */,
				7BE6942B1F2C5E770074149B /* VTCartManager.swift in Sources */,
				7BE694311F2C61430074149B /* MarketsViewController.swift in Sources */,
				7BE694251F2C5C300074149B /* VTItemGroup.swift in Sources */,
				7BE694331F2C61530074149B /* CartsViewController.swift in Sources */,
				7BE694141F2C543B0074149B /* AppDelegate.swift in Sources */,
				7BE6942D1F2C5ECB0074149B /* VTMarket.swift in Sources */,
			);
			runOnlyForDeploymentPostprocessing = 0;
		};
/* End PBXSourcesBuildPhase section */

/* Begin PBXVariantGroup section */
		7BE694101F2C543B0074149B /* LaunchScreen.storyboard */ = {
			isa = PBXVariantGroup;
			children = (
				7BE694111F2C543B0074149B /* Base */,
			);
			name = LaunchScreen.storyboard;
			sourceTree = "<group>";
		};
		7BE694121F2C543B0074149B /* Main.storyboard */ = {
			isa = PBXVariantGroup;
			children = (
				7BE694131F2C543B0074149B /* Base */,
			);
			name = Main.storyboard;
			sourceTree = "<group>";
		};
/* End PBXVariantGroup section */

/* Begin XCBuildConfiguration section */
		7BE693F01F2C4AE90074149B /* Debug */ = {
			isa = XCBuildConfiguration;
			buildSettings = {
				ALWAYS_SEARCH_USER_PATHS = NO;
				CLANG_ANALYZER_NONNULL = YES;
				CLANG_ANALYZER_NUMBER_OBJECT_CONVERSION = YES_AGGRESSIVE;
				CLANG_CXX_LANGUAGE_STANDARD = "gnu++0x";
				CLANG_CXX_LIBRARY = "libc++";
				CLANG_ENABLE_MODULES = YES;
				CLANG_ENABLE_OBJC_ARC = YES;
				CLANG_WARN_BOOL_CONVERSION = YES;
				CLANG_WARN_CONSTANT_CONVERSION = YES;
				CLANG_WARN_DIRECT_OBJC_ISA_USAGE = YES_ERROR;
				CLANG_WARN_DOCUMENTATION_COMMENTS = YES;
				CLANG_WARN_EMPTY_BODY = YES;
				CLANG_WARN_ENUM_CONVERSION = YES;
				CLANG_WARN_INFINITE_RECURSION = YES;
				CLANG_WARN_INT_CONVERSION = YES;
				CLANG_WARN_OBJC_ROOT_CLASS = YES_ERROR;
				CLANG_WARN_SUSPICIOUS_MOVE = YES;
				CLANG_WARN_UNREACHABLE_CODE = YES;
				CLANG_WARN__DUPLICATE_METHOD_MATCH = YES;
				"CODE_SIGN_IDENTITY[sdk=iphoneos*]" = "iPhone Developer";
				COPY_PHASE_STRIP = NO;
				DEBUG_INFORMATION_FORMAT = dwarf;
				ENABLE_STRICT_OBJC_MSGSEND = YES;
				ENABLE_TESTABILITY = YES;
				GCC_C_LANGUAGE_STANDARD = gnu99;
				GCC_DYNAMIC_NO_PIC = NO;
				GCC_NO_COMMON_BLOCKS = YES;
				GCC_OPTIMIZATION_LEVEL = 0;
				GCC_PREPROCESSOR_DEFINITIONS = (
					"DEBUG=1",
					"$(inherited)",
				);
				GCC_WARN_64_TO_32_BIT_CONVERSION = YES;
				GCC_WARN_ABOUT_RETURN_TYPE = YES_ERROR;
				GCC_WARN_UNDECLARED_SELECTOR = YES;
				GCC_WARN_UNINITIALIZED_AUTOS = YES_AGGRESSIVE;
				GCC_WARN_UNUSED_FUNCTION = YES;
				GCC_WARN_UNUSED_VARIABLE = YES;
				IPHONEOS_DEPLOYMENT_TARGET = 10.3;
				MTL_ENABLE_DEBUG_INFO = YES;
				ONLY_ACTIVE_ARCH = YES;
				SDKROOT = iphoneos;
				SWIFT_ACTIVE_COMPILATION_CONDITIONS = DEBUG;
				SWIFT_OPTIMIZATION_LEVEL = "-Onone";
			};
			name = Debug;
		};
		7BE693F11F2C4AE90074149B /* Release */ = {
			isa = XCBuildConfiguration;
			buildSettings = {
				ALWAYS_SEARCH_USER_PATHS = NO;
				CLANG_ANALYZER_NONNULL = YES;
				CLANG_ANALYZER_NUMBER_OBJECT_CONVERSION = YES_AGGRESSIVE;
				CLANG_CXX_LANGUAGE_STANDARD = "gnu++0x";
				CLANG_CXX_LIBRARY = "libc++";
				CLANG_ENABLE_MODULES = YES;
				CLANG_ENABLE_OBJC_ARC = YES;
				CLANG_WARN_BOOL_CONVERSION = YES;
				CLANG_WARN_CONSTANT_CONVERSION = YES;
				CLANG_WARN_DIRECT_OBJC_ISA_USAGE = YES_ERROR;
				CLANG_WARN_DOCUMENTATION_COMMENTS = YES;
				CLANG_WARN_EMPTY_BODY = YES;
				CLANG_WARN_ENUM_CONVERSION = YES;
				CLANG_WARN_INFINITE_RECURSION = YES;
				CLANG_WARN_INT_CONVERSION = YES;
				CLANG_WARN_OBJC_ROOT_CLASS = YES_ERROR;
				CLANG_WARN_SUSPICIOUS_MOVE = YES;
				CLANG_WARN_UNREACHABLE_CODE = YES;
				CLANG_WARN__DUPLICATE_METHOD_MATCH = YES;
				"CODE_SIGN_IDENTITY[sdk=iphoneos*]" = "iPhone Developer";
				COPY_PHASE_STRIP = NO;
				DEBUG_INFORMATION_FORMAT = "dwarf-with-dsym";
				ENABLE_NS_ASSERTIONS = NO;
				ENABLE_STRICT_OBJC_MSGSEND = YES;
				GCC_C_LANGUAGE_STANDARD = gnu99;
				GCC_NO_COMMON_BLOCKS = YES;
				GCC_WARN_64_TO_32_BIT_CONVERSION = YES;
				GCC_WARN_ABOUT_RETURN_TYPE = YES_ERROR;
				GCC_WARN_UNDECLARED_SELECTOR = YES;
				GCC_WARN_UNINITIALIZED_AUTOS = YES_AGGRESSIVE;
				GCC_WARN_UNUSED_FUNCTION = YES;
				GCC_WARN_UNUSED_VARIABLE = YES;
				IPHONEOS_DEPLOYMENT_TARGET = 10.3;
				MTL_ENABLE_DEBUG_INFO = NO;
				SDKROOT = iphoneos;
				SWIFT_OPTIMIZATION_LEVEL = "-Owholemodule";
				VALIDATE_PRODUCT = YES;
			};
			name = Release;
		};
		7BE693F31F2C4AE90074149B /* Debug */ = {
			isa = XCBuildConfiguration;
			baseConfigurationReference = 5CD4874C16E7D550D8EDA7F3 /* Pods-Vatrena.debug.xcconfig */;
			buildSettings = {
				ASSETCATALOG_COMPILER_APPICON_NAME = AppIcon;
				DEVELOPMENT_TEAM = CU86DE5393;
				INFOPLIST_FILE = Vatrena/Info.plist;
				LD_RUNPATH_SEARCH_PATHS = "$(inherited) @executable_path/Frameworks";
				PRODUCT_BUNDLE_IDENTIFIER = io.softcare.Vatrena;
				PRODUCT_NAME = "$(TARGET_NAME)";
				SWIFT_VERSION = 3.0;
			};
			name = Debug;
		};
		7BE693F41F2C4AE90074149B /* Release */ = {
			isa = XCBuildConfiguration;
			baseConfigurationReference = 9DC8815CE271604DF8BFACA4 /* Pods-Vatrena.release.xcconfig */;
			buildSettings = {
				ASSETCATALOG_COMPILER_APPICON_NAME = AppIcon;
				DEVELOPMENT_TEAM = CU86DE5393;
				INFOPLIST_FILE = Vatrena/Info.plist;
				LD_RUNPATH_SEARCH_PATHS = "$(inherited) @executable_path/Frameworks";
				PRODUCT_BUNDLE_IDENTIFIER = io.softcare.Vatrena;
				PRODUCT_NAME = "$(TARGET_NAME)";
				SWIFT_VERSION = 3.0;
			};
			name = Release;
		};
/* End XCBuildConfiguration section */

/* Begin XCConfigurationList section */
		7BE693DB1F2C4AE80074149B /* Build configuration list for PBXProject "Vatrena" */ = {
			isa = XCConfigurationList;
			buildConfigurations = (
				7BE693F01F2C4AE90074149B /* Debug */,
				7BE693F11F2C4AE90074149B /* Release */,
			);
			defaultConfigurationIsVisible = 0;
			defaultConfigurationName = Release;
		};
		7BE693F21F2C4AE90074149B /* Build configuration list for PBXNativeTarget "Vatrena" */ = {
			isa = XCConfigurationList;
			buildConfigurations = (
				7BE693F31F2C4AE90074149B /* Debug */,
				7BE693F41F2C4AE90074149B /* Release */,
			);
			defaultConfigurationIsVisible = 0;
			defaultConfigurationName = Release;
		};
/* End XCConfigurationList section */
	};
	rootObject = 7BE693D81F2C4AE80074149B /* Project object */;
}
